
Microsoft Visual Studio Solution File, Format Version 12.00
# Visual Studio Version 17
VisualStudioVersion = 17.7.34024.191
MinimumVisualStudioVersion = 10.0.40219.1
Project("{FAE04EC0-301F-11D3-BF4B-00C04F79EFBC}") = "C_D_A", "C_D_A.csproj", "{C701C3EE-2A54-444E-A99A-169903565DF7}"
EndProject
Global
	GlobalSection(SolutionConfigurationPlatforms) = preSolution
		Debug|Any CPU = Debug|Any CPU
		Release|Any CPU = Release|Any CPU
	EndGlobalSection
	GlobalSection(ProjectConfigurationPlatforms) = postSolution
		{C701C3EE-2A54-444E-A99A-169903565DF7}.Debug|Any CPU.ActiveCfg = Debug|Any CPU
		{C701C3EE-2A54-444E-A99A-169903565DF7}.Debug|Any CPU.Build.0 = Debug|Any CPU
		{C701C3EE-2A54-444E-A99A-169903565DF7}.Release|Any CPU.ActiveCfg = Release|Any CPU
		{C701C3EE-2A54-444E-A99A-169903565DF7}.Release|Any CPU.Build.0 = Release|Any CPU
	EndGlobalSection
	GlobalSection(SolutionProperties) = preSolution
		HideSolutionNode = FALSE
	EndGlobalSection
	GlobalSection(ExtensibilityGlobals) = postSolution
		SolutionGuid = {1062C109-80CF-4A42-A3D6-08AA991F54FC}
	EndGlobalSection
EndGlobal
